
Microsoft Visual Studio Solution File, Format Version 12.00
# Visual Studio Version 16
VisualStudioVersion = 16.0.31129.286
MinimumVisualStudioVersion = 10.0.40219.1
Project("{FAE04EC0-301F-11D3-BF4B-00C04F79EFBC}") = "HomeWork1", "HomeWork1\HomeWork1.csproj", "{B41687AB-74F5-4BFA-A10E-4FA06DA55E33}"
EndProject
Project("{FAE04EC0-301F-11D3-BF4B-00C04F79EFBC}") = "HomeWork2", "HomeWork2\HomeWork2.csproj", "{0DB3DAAD-99D5-4EF2-B361-4AA2273AB6F7}"
EndProject
Project("{FAE04EC0-301F-11D3-BF4B-00C04F79EFBC}") = "HomeWork3", "HomeWork3\HomeWork3.csproj", "{1B0FC9EE-780A-4FFA-A53B-8DE1122BC195}"
EndProject
Project("{FAE04EC0-301F-11D3-BF4B-00C04F79EFBC}") = "HomeWork4", "HomeWork4\HomeWork4.csproj", "{3F206A10-95A7-4D19-B54C-90345BAA40F8}"
EndProject
Project("{FAE04EC0-301F-11D3-BF4B-00C04F79EFBC}") = "HomeWork5", "HomeWork5\HomeWork5.csproj", "{C7D1916C-57A9-447F-A980-AAB8D89D2452}"
EndProject
Global
	GlobalSection(SolutionConfigurationPlatforms) = preSolution
		Debug|Any CPU = Debug|Any CPU
		Release|Any CPU = Release|Any CPU
	EndGlobalSection
	GlobalSection(ProjectConfigurationPlatforms) = postSolution
		{B41687AB-74F5-4BFA-A10E-4FA06DA55E33}.Debug|Any CPU.ActiveCfg = Debug|Any CPU
		{B41687AB-74F5-4BFA-A10E-4FA06DA55E33}.Debug|Any CPU.Build.0 = Debug|Any CPU
		{B41687AB-74F5-4BFA-A10E-4FA06DA55E33}.Release|Any CPU.ActiveCfg = Release|Any CPU
		{B41687AB-74F5-4BFA-A10E-4FA06DA55E33}.Release|Any CPU.Build.0 = Release|Any CPU
		{0DB3DAAD-99D5-4EF2-B361-4AA2273AB6F7}.Debug|Any CPU.ActiveCfg = Debug|Any CPU
		{0DB3DAAD-99D5-4EF2-B361-4AA2273AB6F7}.Debug|Any CPU.Build.0 = Debug|Any CPU
		{0DB3DAAD-99D5-4EF2-B361-4AA2273AB6F7}.Release|Any CPU.ActiveCfg = Release|Any CPU
		{0DB3DAAD-99D5-4EF2-B361-4AA2273AB6F7}.Release|Any CPU.Build.0 = Release|Any CPU
		{1B0FC9EE-780A-4FFA-A53B-8DE1122BC195}.Debug|Any CPU.ActiveCfg = Debug|Any CPU
		{1B0FC9EE-780A-4FFA-A53B-8DE1122BC195}.Debug|Any CPU.Build.0 = Debug|Any CPU
		{1B0FC9EE-780A-4FFA-A53B-8DE1122BC195}.Release|Any CPU.ActiveCfg = Release|Any CPU
		{1B0FC9EE-780A-4FFA-A53B-8DE1122BC195}.Release|Any CPU.Build.0 = Release|Any CPU
		{3F206A10-95A7-4D19-B54C-90345BAA40F8}.Debug|Any CPU.ActiveCfg = Debug|Any CPU
		{3F206A10-95A7-4D19-B54C-90345BAA40F8}.Debug|Any CPU.Build.0 = Debug|Any CPU
		{3F206A10-95A7-4D19-B54C-90345BAA40F8}.Release|Any CPU.ActiveCfg = Release|Any CPU
		{3F206A10-95A7-4D19-B54C-90345BAA40F8}.Release|Any CPU.Build.0 = Release|Any CPU
		{C7D1916C-57A9-447F-A980-AAB8D89D2452}.Debug|Any CPU.ActiveCfg = Debug|Any CPU
		{C7D1916C-57A9-447F-A980-AAB8D89D2452}.Debug|Any CPU.Build.0 = Debug|Any CPU
		{C7D1916C-57A9-447F-A980-AAB8D89D2452}.Release|Any CPU.ActiveCfg = Release|Any CPU
		{C7D1916C-57A9-447F-A980-AAB8D89D2452}.Release|Any CPU.Build.0 = Release|Any CPU
	EndGlobalSection
	GlobalSection(SolutionProperties) = preSolution
		HideSolutionNode = FALSE
	EndGlobalSection
	GlobalSection(ExtensibilityGlobals) = postSolution
		SolutionGuid = {E291B172-AEC6-48FC-B4FB-40D00454E287}
	EndGlobalSection
EndGlobal
